
Microsoft Visual Studio Solution File, Format Version 12.00
# Visual Studio Version 17
VisualStudioVersion = 17.2.32519.379
MinimumVisualStudioVersion = 10.0.40219.1
Project("{8BC9CEB8-8B4A-11D0-8D11-00A0C91BC942}") = "usbip", "userspace\usbip\usbip.vcxproj", "{36CEE68D-D6CF-4413-978C-794488F44555}"
	ProjectSection(ProjectDependencies) = postProject
		{35196D26-E918-4002-B87E-1EEC2BF54444} = {35196D26-E918-4002-B87E-1EEC2BF54444}
		{EF113E88-152A-4EB5-811C-1D499C3248A0} = {EF113E88-152A-4EB5-811C-1D499C3248A0}
	EndProjectSection
EndProject
Project("{8BC9CEB8-8B4A-11D0-8D11-00A0C91BC942}") = "libdrv", "drivers\libdrv\libdrv.vcxproj", "{27AB4325-4980-4634-9818-AE6BD61DE532}"
EndProject
Project("{8BC9CEB8-8B4A-11D0-8D11-00A0C91BC942}") = "package", "drivers\package\package.vcxproj", "{B7B9AC6F-45CC-4C98-9136-3D6E8F50AD1C}"
	ProjectSection(ProjectDependencies) = postProject
		{3A3812CE-3370-4B5F-829D-43433267B154} = {3A3812CE-3370-4B5F-829D-43433267B154}
	EndProjectSection
EndProject
Project("{8BC9CEB8-8B4A-11D0-8D11-00A0C91BC942}") = "innosetup", "userspace\innosetup\innosetup.vcxproj", "{0B54108E-9FB0-45EA-B252-CEBC68A5CCF0}"
	ProjectSection(ProjectDependencies) = postProject
		{4AA823F8-7C8A-4A4B-A106-E9F630CD001A} = {4AA823F8-7C8A-4A4B-A106-E9F630CD001A}
	EndProjectSection
EndProject
Project("{8BC9CEB8-8B4A-11D0-8D11-00A0C91BC942}") = "devnode", "userspace\devnode\devnode.vcxproj", "{7A610672-F2EF-4048-883A-41195D0977DC}"
	ProjectSection(ProjectDependencies) = postProject
		{35196D26-E918-4002-B87E-1EEC2BF54444} = {35196D26-E918-4002-B87E-1EEC2BF54444}
	EndProjectSection
EndProject
Project("{8BC9CEB8-8B4A-11D0-8D11-00A0C91BC942}") = "usbip2_ude", "drivers\ude\usbip2_ude.vcxproj", "{3A3812CE-3370-4B5F-829D-43433267B154}"
	ProjectSection(ProjectDependencies) = postProject
		{EF113E88-152A-4EB5-811C-1D499C3248A0} = {EF113E88-152A-4EB5-811C-1D499C3248A0}
	EndProjectSection
EndProject
Project("{8BC9CEB8-8B4A-11D0-8D11-00A0C91BC942}") = "usbip2_filter", "drivers\ude_filter\ude_filter.vcxproj", "{F40CF5CC-4395-4958-B248-25A2BF91D735}"
EndProject
Project("{8BC9CEB8-8B4A-11D0-8D11-00A0C91BC942}") = "resources", "userspace\resources\resources.vcxproj", "{EF113E88-152A-4EB5-811C-1D499C3248A0}"
EndProject
Project("{8BC9CEB8-8B4A-11D0-8D11-00A0C91BC942}") = "libusbip_check", "userspace\libusbip_check\libusbip_check.vcxproj", "{48394B64-9CBB-4006-A144-2529D1C45546}"
	ProjectSection(ProjectDependencies) = postProject
		{35196D26-E918-4002-B87E-1EEC2BF54444} = {35196D26-E918-4002-B87E-1EEC2BF54444}
	EndProjectSection
EndProject
Project("{8BC9CEB8-8B4A-11D0-8D11-00A0C91BC942}") = "libusbip", "userspace\libusbip\libusbip.vcxproj", "{35196D26-E918-4002-B87E-1EEC2BF54444}"
	ProjectSection(ProjectDependencies) = postProject
		{EF113E88-152A-4EB5-811C-1D499C3248A0} = {EF113E88-152A-4EB5-811C-1D499C3248A0}
	EndProjectSection
EndProject
Project("{8BC9CEB8-8B4A-11D0-8D11-00A0C91BC942}") = "wusbip", "userspace\wusbip\wusbip.vcxproj", "{4AA823F8-7C8A-4A4B-A106-E9F630CD001A}"
	ProjectSection(ProjectDependencies) = postProject
		{35196D26-E918-4002-B87E-1EEC2BF54444} = {35196D26-E918-4002-B87E-1EEC2BF54444}
	EndProjectSection
EndProject
Global
	GlobalSection(SolutionConfigurationPlatforms) = preSolution
		Debug|ARM64 = Debug|ARM64
		Debug|x64 = Debug|x64
		Debug|x86 = Debug|x86
		Release|ARM64 = Release|ARM64
		Release|x64 = Release|x64
		Release|x86 = Release|x86
	EndGlobalSection
	GlobalSection(ProjectConfigurationPlatforms) = postSolution
		{36CEE68D-D6CF-4413-978C-794488F44555}.Debug|ARM64.ActiveCfg = Debug|ARM64
		{36CEE68D-D6CF-4413-978C-794488F44555}.Debug|ARM64.Build.0 = Debug|ARM64
		{36CEE68D-D6CF-4413-978C-794488F44555}.Debug|x64.ActiveCfg = Debug|x64
		{36CEE68D-D6CF-4413-978C-794488F44555}.Debug|x64.Build.0 = Debug|x64
		{36CEE68D-D6CF-4413-978C-794488F44555}.Debug|x86.ActiveCfg = Debug|Win32
		{36CEE68D-D6CF-4413-978C-794488F44555}.Debug|x86.Build.0 = Debug|Win32
		{36CEE68D-D6CF-4413-978C-794488F44555}.Release|ARM64.ActiveCfg = Release|ARM64
		{36CEE68D-D6CF-4413-978C-794488F44555}.Release|ARM64.Build.0 = Release|ARM64
		{36CEE68D-D6CF-4413-978C-794488F44555}.Release|x64.ActiveCfg = Release|x64
		{36CEE68D-D6CF-4413-978C-794488F44555}.Release|x64.Build.0 = Release|x64
		{36CEE68D-D6CF-4413-978C-794488F44555}.Release|x86.ActiveCfg = Release|Win32
		{36CEE68D-D6CF-4413-978C-794488F44555}.Release|x86.Build.0 = Release|Win32
		{27AB4325-4980-4634-9818-AE6BD61DE532}.Debug|ARM64.ActiveCfg = Debug|ARM64
		{27AB4325-4980-4634-9818-AE6BD61DE532}.Debug|ARM64.Build.0 = Debug|ARM64
		{27AB4325-4980-4634-9818-AE6BD61DE532}.Debug|ARM64.Deploy.0 = Debug|ARM64
		{27AB4325-4980-4634-9818-AE6BD61DE532}.Debug|x64.ActiveCfg = Debug|x64
		{27AB4325-4980-4634-9818-AE6BD61DE532}.Debug|x64.Build.0 = Debug|x64
		{27AB4325-4980-4634-9818-AE6BD61DE532}.Debug|x64.Deploy.0 = Debug|x64
		{27AB4325-4980-4634-9818-AE6BD61DE532}.Debug|x86.ActiveCfg = Debug|Win32
		{27AB4325-4980-4634-9818-AE6BD61DE532}.Debug|x86.Build.0 = Debug|Win32
		{27AB4325-4980-4634-9818-AE6BD61DE532}.Debug|x86.Deploy.0 = Debug|Win32
		{27AB4325-4980-4634-9818-AE6BD61DE532}.Release|ARM64.ActiveCfg = Release|ARM64
		{27AB4325-4980-4634-9818-AE6BD61DE532}.Release|ARM64.Build.0 = Release|ARM64
		{27AB4325-4980-4634-9818-AE6BD61DE532}.Release|ARM64.Deploy.0 = Release|ARM64
		{27AB4325-4980-4634-9818-AE6BD61DE532}.Release|x64.ActiveCfg = Release|x64
		{27AB4325-4980-4634-9818-AE6BD61DE532}.Release|x64.Build.0 = Release|x64
		{27AB4325-4980-4634-9818-AE6BD61DE532}.Release|x64.Deploy.0 = Release|x64
		{27AB4325-4980-4634-9818-AE6BD61DE532}.Release|x86.ActiveCfg = Release|Win32
		{27AB4325-4980-4634-9818-AE6BD61DE532}.Release|x86.Build.0 = Release|Win32
		{27AB4325-4980-4634-9818-AE6BD61DE532}.Release|x86.Deploy.0 = Release|Win32
		{B7B9AC6F-45CC-4C98-9136-3D6E8F50AD1C}.Debug|ARM64.ActiveCfg = Debug|ARM64
		{B7B9AC6F-45CC-4C98-9136-3D6E8F50AD1C}.Debug|ARM64.Build.0 = Debug|ARM64
		{B7B9AC6F-45CC-4C98-9136-3D6E8F50AD1C}.Debug|ARM64.Deploy.0 = Debug|ARM64
		{B7B9AC6F-45CC-4C98-9136-3D6E8F50AD1C}.Debug|x64.ActiveCfg = Debug|x64
		{B7B9AC6F-45CC-4C98-9136-3D6E8F50AD1C}.Debug|x64.Build.0 = Debug|x64
		{B7B9AC6F-45CC-4C98-9136-3D6E8F50AD1C}.Debug|x64.Deploy.0 = Debug|x64
		{B7B9AC6F-45CC-4C98-9136-3D6E8F50AD1C}.Debug|x86.ActiveCfg = Debug|Win32
		{B7B9AC6F-45CC-4C98-9136-3D6E8F50AD1C}.Debug|x86.Build.0 = Debug|Win32
		{B7B9AC6F-45CC-4C98-9136-3D6E8F50AD1C}.Debug|x86.Deploy.0 = Debug|Win32
		{B7B9AC6F-45CC-4C98-9136-3D6E8F50AD1C}.Release|ARM64.ActiveCfg = Release|ARM64
		{B7B9AC6F-45CC-4C98-9136-3D6E8F50AD1C}.Release|ARM64.Build.0 = Release|ARM64
		{B7B9AC6F-45CC-4C98-9136-3D6E8F50AD1C}.Release|ARM64.Deploy.0 = Release|ARM64
		{B7B9AC6F-45CC-4C98-9136-3D6E8F50AD1C}.Release|x64.ActiveCfg = Release|x64
		{B7B9AC6F-45CC-4C98-9136-3D6E8F50AD1C}.Release|x64.Build.0 = Release|x64
		{B7B9AC6F-45CC-4C98-9136-3D6E8F50AD1C}.Release|x64.Deploy.0 = Release|x64
		{B7B9AC6F-45CC-4C98-9136-3D6E8F50AD1C}.Release|x86.ActiveCfg = Release|Win32
		{B7B9AC6F-45CC-4C98-9136-3D6E8F50AD1C}.Release|x86.Build.0 = Release|Win32
		{B7B9AC6F-45CC-4C98-9136-3D6E8F50AD1C}.Release|x86.Deploy.0 = Release|Win32
		{0B54108E-9FB0-45EA-B252-CEBC68A5CCF0}.Debug|ARM64.ActiveCfg = Debug|ARM64
		{0B54108E-9FB0-45EA-B252-CEBC68A5CCF0}.Debug|ARM64.Build.0 = Debug|ARM64
		{0B54108E-9FB0-45EA-B252-CEBC68A5CCF0}.Debug|x64.ActiveCfg = Debug|x64
		{0B54108E-9FB0-45EA-B252-CEBC68A5CCF0}.Debug|x64.Build.0 = Debug|x64
		{0B54108E-9FB0-45EA-B252-CEBC68A5CCF0}.Debug|x86.ActiveCfg = Debug|Win32
		{0B54108E-9FB0-45EA-B252-CEBC68A5CCF0}.Debug|x86.Build.0 = Debug|Win32
		{0B54108E-9FB0-45EA-B252-CEBC68A5CCF0}.Release|ARM64.ActiveCfg = Release|ARM64
		{0B54108E-9FB0-45EA-B252-CEBC68A5CCF0}.Release|ARM64.Build.0 = Release|ARM64
		{0B54108E-9FB0-45EA-B252-CEBC68A5CCF0}.Release|x64.ActiveCfg = Release|x64
		{0B54108E-9FB0-45EA-B252-CEBC68A5CCF0}.Release|x64.Build.0 = Release|x64
		{0B54108E-9FB0-45EA-B252-CEBC68A5CCF0}.Release|x86.ActiveCfg = Release|Win32
		{0B54108E-9FB0-45EA-B252-CEBC68A5CCF0}.Release|x86.Build.0 = Release|Win32
		{7A610672-F2EF-4048-883A-41195D0977DC}.Debug|ARM64.ActiveCfg = Debug|ARM64
		{7A610672-F2EF-4048-883A-41195D0977DC}.Debug|ARM64.Build.0 = Debug|ARM64
		{7A610672-F2EF-4048-883A-41195D0977DC}.Debug|x64.ActiveCfg = Debug|x64
		{7A610672-F2EF-4048-883A-41195D0977DC}.Debug|x64.Build.0 = Debug|x64
		{7A610672-F2EF-4048-883A-41195D0977DC}.Debug|x86.ActiveCfg = Debug|Win32
		{7A610672-F2EF-4048-883A-41195D0977DC}.Debug|x86.Build.0 = Debug|Win32
		{7A610672-F2EF-4048-883A-41195D0977DC}.Release|ARM64.ActiveCfg = Release|ARM64
		{7A610672-F2EF-4048-883A-41195D0977DC}.Release|ARM64.Build.0 = Release|ARM64
		{7A610672-F2EF-4048-883A-41195D0977DC}.Release|x64.ActiveCfg = Release|x64
		{7A610672-F2EF-4048-883A-41195D0977DC}.Release|x64.Build.0 = Release|x64
		{7A610672-F2EF-4048-883A-41195D0977DC}.Release|x86.ActiveCfg = Release|Win32
		{7A610672-F2EF-4048-883A-41195D0977DC}.Release|x86.Build.0 = Release|Win32
		{3A3812CE-3370-4B5F-829D-43433267B154}.Debug|ARM64.ActiveCfg = Debug|ARM64
		{3A3812CE-3370-4B5F-829D-43433267B154}.Debug|ARM64.Build.0 = Debug|ARM64
		{3A3812CE-3370-4B5F-829D-43433267B154}.Debug|ARM64.Deploy.0 = Debug|ARM64
		{3A3812CE-3370-4B5F-829D-43433267B154}.Debug|x64.ActiveCfg = Debug|x64
		{3A3812CE-3370-4B5F-829D-43433267B154}.Debug|x64.Build.0 = Debug|x64
		{3A3812CE-3370-4B5F-829D-43433267B154}.Debug|x64.Deploy.0 = Debug|x64
		{3A3812CE-3370-4B5F-829D-43433267B154}.Debug|x86.ActiveCfg = Debug|Win32
		{3A3812CE-3370-4B5F-829D-43433267B154}.Debug|x86.Build.0 = Debug|Win32
		{3A3812CE-3370-4B5F-829D-43433267B154}.Debug|x86.Deploy.0 = Debug|Win32
		{3A3812CE-3370-4B5F-829D-43433267B154}.Release|ARM64.ActiveCfg = Release|ARM64
		{3A3812CE-3370-4B5F-829D-43433267B154}.Release|ARM64.Build.0 = Release|ARM64
		{3A3812CE-3370-4B5F-829D-43433267B154}.Release|ARM64.Deploy.0 = Release|ARM64
		{3A3812CE-3370-4B5F-829D-43433267B154}.Release|x64.ActiveCfg = Release|x64
		{3A3812CE-3370-4B5F-829D-43433267B154}.Release|x64.Build.0 = Release|x64
		{3A3812CE-3370-4B5F-829D-43433267B154}.Release|x64.Deploy.0 = Release|x64
		{3A3812CE-3370-4B5F-829D-43433267B154}.Release|x86.ActiveCfg = Release|Win32
		{3A3812CE-3370-4B5F-829D-43433267B154}.Release|x86.Build.0 = Release|Win32
		{3A3812CE-3370-4B5F-829D-43433267B154}.Release|x86.Deploy.0 = Release|Win32
		{F40CF5CC-4395-4958-B248-25A2BF91D735}.Debug|ARM64.ActiveCfg = Debug|ARM64
		{F40CF5CC-4395-4958-B248-25A2BF91D735}.Debug|ARM64.Build.0 = Debug|ARM64
		{F40CF5CC-4395-4958-B248-25A2BF91D735}.Debug|ARM64.Deploy.0 = Debug|ARM64
		{F40CF5CC-4395-4958-B248-25A2BF91D735}.Debug|x64.ActiveCfg = Debug|x64
		{F40CF5CC-4395-4958-B248-25A2BF91D735}.Debug|x64.Build.0 = Debug|x64
		{F40CF5CC-4395-4958-B248-25A2BF91D735}.Debug|x64.Deploy.0 = Debug|x64
		{F40CF5CC-4395-4958-B248-25A2BF91D735}.Debug|x86.ActiveCfg = Debug|Win32
		{F40CF5CC-4395-4958-B248-25A2BF91D735}.Debug|x86.Build.0 = Debug|Win32
		{F40CF5CC-4395-4958-B248-25A2BF91D735}.Debug|x86.Deploy.0 = Debug|Win32
		{F40CF5CC-4395-4958-B248-25A2BF91D735}.Release|ARM64.ActiveCfg = Release|ARM64
		{F40CF5CC-4395-4958-B248-25A2BF91D735}.Release|ARM64.Build.0 = Release|ARM64
		{F40CF5CC-4395-4958-B248-25A2BF91D735}.Release|ARM64.Deploy.0 = Release|ARM64
		{F40CF5CC-4395-4958-B248-25A2BF91D735}.Release|x64.ActiveCfg = Release|x64
		{F40CF5CC-4395-4958-B248-25A2BF91D735}.Release|x64.Build.0 = Release|x64
		{F40CF5CC-4395-4958-B248-25A2BF91D735}.Release|x64.Deploy.0 = Release|x64
		{F40CF5CC-4395-4958-B248-25A2BF91D735}.Release|x86.ActiveCfg = Release|Win32
		{F40CF5CC-4395-4958-B248-25A2BF91D735}.Release|x86.Build.0 = Release|Win32
		{F40CF5CC-4395-4958-B248-25A2BF91D735}.Release|x86.Deploy.0 = Release|Win32
		{EF113E88-152A-4EB5-811C-1D499C3248A0}.Debug|ARM64.ActiveCfg = Debug|ARM64
		{EF113E88-152A-4EB5-811C-1D499C3248A0}.Debug|ARM64.Build.0 = Debug|ARM64
		{EF113E88-152A-4EB5-811C-1D499C3248A0}.Debug|x64.ActiveCfg = Debug|x64
		{EF113E88-152A-4EB5-811C-1D499C3248A0}.Debug|x64.Build.0 = Debug|x64
		{EF113E88-152A-4EB5-811C-1D499C3248A0}.Debug|x86.ActiveCfg = Debug|Win32
		{EF113E88-152A-4EB5-811C-1D499C3248A0}.Debug|x86.Build.0 = Debug|Win32
		{EF113E88-152A-4EB5-811C-1D499C3248A0}.Release|ARM64.ActiveCfg = Release|ARM64
		{EF113E88-152A-4EB5-811C-1D499C3248A0}.Release|ARM64.Build.0 = Release|ARM64
		{EF113E88-152A-4EB5-811C-1D499C3248A0}.Release|x64.ActiveCfg = Release|x64
		{EF113E88-152A-4EB5-811C-1D499C3248A0}.Release|x64.Build.0 = Release|x64
		{EF113E88-152A-4EB5-811C-1D499C3248A0}.Release|x86.ActiveCfg = Release|Win32
		{EF113E88-152A-4EB5-811C-1D499C3248A0}.Release|x86.Build.0 = Release|Win32
		{48394B64-9CBB-4006-A144-2529D1C45546}.Debug|ARM64.ActiveCfg = Debug|ARM64
		{48394B64-9CBB-4006-A144-2529D1C45546}.Debug|ARM64.Build.0 = Debug|ARM64
		{48394B64-9CBB-4006-A144-2529D1C45546}.Debug|x64.ActiveCfg = Debug|x64
		{48394B64-9CBB-4006-A144-2529D1C45546}.Debug|x64.Build.0 = Debug|x64
		{48394B64-9CBB-4006-A144-2529D1C45546}.Debug|x86.ActiveCfg = Debug|Win32
		{48394B64-9CBB-4006-A144-2529D1C45546}.Debug|x86.Build.0 = Debug|Win32
		{48394B64-9CBB-4006-A144-2529D1C45546}.Release|ARM64.ActiveCfg = Release|ARM64
		{48394B64-9CBB-4006-A144-2529D1C45546}.Release|ARM64.Build.0 = Release|ARM64
		{48394B64-9CBB-4006-A144-2529D1C45546}.Release|x64.ActiveCfg = Release|x64
		{48394B64-9CBB-4006-A144-2529D1C45546}.Release|x64.Build.0 = Release|x64
		{48394B64-9CBB-4006-A144-2529D1C45546}.Release|x86.ActiveCfg = Release|Win32
		{48394B64-9CBB-4006-A144-2529D1C45546}.Release|x86.Build.0 = Release|Win32
		{35196D26-E918-4002-B87E-1EEC2BF54444}.Debug|ARM64.ActiveCfg = Debug|ARM64
		{35196D26-E918-4002-B87E-1EEC2BF54444}.Debug|ARM64.Build.0 = Debug|ARM64
		{35196D26-E918-4002-B87E-1EEC2BF54444}.Debug|x64.ActiveCfg = Debug|x64
		{35196D26-E918-4002-B87E-1EEC2BF54444}.Debug|x64.Build.0 = Debug|x64
		{35196D26-E918-4002-B87E-1EEC2BF54444}.Debug|x86.ActiveCfg = Debug|Win32
		{35196D26-E918-4002-B87E-1EEC2BF54444}.Debug|x86.Build.0 = Debug|Win32
		{35196D26-E918-4002-B87E-1EEC2BF54444}.Release|ARM64.ActiveCfg = Release|ARM64
		{35196D26-E918-4002-B87E-1EEC2BF54444}.Release|ARM64.Build.0 = Release|ARM64
		{35196D26-E918-4002-B87E-1EEC2BF54444}.Release|x64.ActiveCfg = Release|x64
		{35196D26-E918-4002-B87E-1EEC2BF54444}.Release|x64.Build.0 = Release|x64
		{35196D26-E918-4002-B87E-1EEC2BF54444}.Release|x86.ActiveCfg = Release|Win32
		{35196D26-E918-4002-B87E-1EEC2BF54444}.Release|x86.Build.0 = Release|Win32
		{4AA823F8-7C8A-4A4B-A106-E9F630CD001A}.Debug|ARM64.ActiveCfg = Debug|ARM64
		{4AA823F8-7C8A-4A4B-A106-E9F630CD001A}.Debug|ARM64.Build.0 = Debug|ARM64
		{4AA823F8-7C8A-4A4B-A106-E9F630CD001A}.Debug|x64.ActiveCfg = Debug|x64
		{4AA823F8-7C8A-4A4B-A106-E9F630CD001A}.Debug|x64.Build.0 = Debug|x64
		{4AA823F8-7C8A-4A4B-A106-E9F630CD001A}.Debug|x86.ActiveCfg = Debug|Win32
		{4AA823F8-7C8A-4A4B-A106-E9F630CD001A}.Debug|x86.Build.0 = Debug|Win32
		{4AA823F8-7C8A-4A4B-A106-E9F630CD001A}.Release|ARM64.ActiveCfg = Release|ARM64
		{4AA823F8-7C8A-4A4B-A106-E9F630CD001A}.Release|ARM64.Build.0 = Release|ARM64
		{4AA823F8-7C8A-4A4B-A106-E9F630CD001A}.Release|x64.ActiveCfg = Release|x64
		{4AA823F8-7C8A-4A4B-A106-E9F630CD001A}.Release|x64.Build.0 = Release|x64
		{4AA823F8-7C8A-4A4B-A106-E9F630CD001A}.Release|x86.ActiveCfg = Release|Win32
		{4AA823F8-7C8A-4A4B-A106-E9F630CD001A}.Release|x86.Build.0 = Release|Win32
	EndGlobalSection
	GlobalSection(SolutionProperties) = preSolution
		HideSolutionNode = FALSE
	EndGlobalSection
	GlobalSection(ExtensibilityGlobals) = postSolution
		SolutionGuid = {FE601D51-AE24-467D-AE6A-0B2CA0E729A0}
	EndGlobalSection
EndGlobal
