<?xml version="1.0" encoding="utf-8"?>
<Project ToolsVersion="4.0" xmlns="http://schemas.microsoft.com/developer/msbuild/2003">
  <ItemGroup>
    <ClCompile Include="dbgcommon.cpp" />
    <ClCompile Include="mdl_cpp.cpp" />
    <ClCompile Include="usbdsc.cpp" />
    <ClCompile Include="pdu.cpp" />
    <ClCompile Include="strutil.cpp" />
    <ClCompile Include="usb_util.cpp" />
    <ClCompile Include="usbd_helper.cpp" />
    <ClCompile Include="wsk_cpp.cpp" />
    <ClCompile Include="wdf_cpp.cpp" />
  </ItemGroup>
  <ItemGroup>
    <ClInclude Include="ch11.h" />
    <ClInclude Include="dbgcommon.h" />
    <ClInclude Include="mdl_cpp.h" />
    <ClInclude Include="codeseg.h" />
    <ClInclude Include="usbdsc.h" />
    <ClInclude Include="pdu.h" />
    <ClInclude Include="strutil.h" />
    <ClInclude Include="usbd_helper.h" />
    <ClInclude Include="usb_util.h" />
    <ClInclude Include="wsk_cpp.h" />
    <ClInclude Include="..\..\include\usbip\ch9.h">
      <Filter>usbip</Filter>
    </ClInclude>
    <ClInclude Include="..\..\include\usbip\consts.h">
      <Filter>usbip</Filter>
    </ClInclude>
    <ClInclude Include="..\..\include\usbip\proto.h">
      <Filter>usbip</Filter>
    </ClInclude>
    <ClInclude Include="wdf_cpp.h" />
    <ClInclude Include="ch9.h" />
  </ItemGroup>
  <ItemGroup>
    <Filter Include="usbip">
      <UniqueIdentifier>{d6aace7d-3f44-413f-9771-6c4af1d2adff}</UniqueIdentifier>
    </Filter>
  </ItemGroup>
</Project>
