<?xml version="1.0" encoding="utf-8"?>
<Project ToolsVersion="4.0" xmlns="http://schemas.microsoft.com/developer/msbuild/2003">
  <ItemGroup>
    <ClCompile Include="src\device_speed.cpp">
      <Filter>src</Filter>
    </ClCompile>
    <ClCompile Include="src\dllmain.cpp">
      <Filter>src</Filter>
    </ClCompile>
    <ClCompile Include="src\file_ver.cpp">
      <Filter>src</Filter>
    </ClCompile>
    <ClCompile Include="src\format_message.cpp">
      <Filter>src</Filter>
    </ClCompile>
    <ClCompile Include="src\output.cpp">
      <Filter>src</Filter>
    </ClCompile>
    <ClCompile Include="src\proto_op.cpp">
      <Filter>src</Filter>
    </ClCompile>
    <ClCompile Include="src\strconv.cpp">
      <Filter>src</Filter>
    </ClCompile>
    <ClCompile Include="src\usb_ids.cpp">
      <Filter>src</Filter>
    </ClCompile>
    <ClCompile Include="src\vhci.cpp">
      <Filter>src</Filter>
    </ClCompile>
    <ClCompile Include="src\remote.cpp">
      <Filter>src</Filter>
    </ClCompile>
    <ClCompile Include="src\win_socket.cpp">
      <Filter>src</Filter>
    </ClCompile>
    <ClCompile Include="src\persistent.cpp">
      <Filter>src</Filter>
    </ClCompile>
  </ItemGroup>
  <ItemGroup>
    <ClInclude Include="format_message.h" />
    <ClInclude Include="generic_handle.h" />
    <ClInclude Include="hdevinfo.h" />
    <ClInclude Include="hkey.h" />
    <ClInclude Include="hmodule.h" />
    <ClInclude Include="output.h" />
    <ClInclude Include="remote.h" />
    <ClInclude Include="vhci.h" />
    <ClInclude Include="win_handle.h" />
    <ClInclude Include="win_socket.h" />
    <ClInclude Include="dllspec.h" />
    <ClInclude Include="src\device_speed.h">
      <Filter>src</Filter>
    </ClInclude>
    <ClInclude Include="src\file_ver.h">
      <Filter>src</Filter>
    </ClInclude>
    <ClInclude Include="src\output.h">
      <Filter>src</Filter>
    </ClInclude>
    <ClInclude Include="src\op_common.h">
      <Filter>src</Filter>
    </ClInclude>
    <ClInclude Include="src\last_error.h">
      <Filter>src</Filter>
    </ClInclude>
    <ClInclude Include="src\strconv.h">
      <Filter>src</Filter>
    </ClInclude>
    <ClInclude Include="src\usb_ids.h">
      <Filter>src</Filter>
    </ClInclude>
    <ClInclude Include="persistent.h" />
  </ItemGroup>
  <ItemGroup>
    <Filter Include="src">
      <UniqueIdentifier>{8a8cf4b9-ec4c-4a7d-a9f3-4ac48541990a}</UniqueIdentifier>
    </Filter>
  </ItemGroup>
</Project>