<?xml version="1.0" encoding="utf-8"?>
<Project ToolsVersion="4.0" xmlns="http://schemas.microsoft.com/developer/msbuild/2003">
  <ItemGroup>
    <ClCompile Include="usbip_xfer.cpp" />
    <ClCompile Include="..\..\lib\pdu.cpp" />
  </ItemGroup>
  <ItemGroup>
    <ClInclude Include="trace.h" />
    <ClInclude Include="..\..\lib\pdu.h" />
    <ClInclude Include="usbip_xfer.h" />
  </ItemGroup>
  <ItemGroup>
    <None Include="custom_wpp.ini" />
  </ItemGroup>
</Project>