<?xml version="1.0" encoding="utf-8"?>
<Project ToolsVersion="4.0" xmlns="http://schemas.microsoft.com/developer/msbuild/2003">
  <ItemGroup>
    <ClCompile Include="csq.cpp" />
    <ClCompile Include="wsk_context.cpp" />
    <ClCompile Include="urbtransfer.cpp" />
    <ClCompile Include="network.cpp" />
    <ClCompile Include="vhci.cpp" />
    <ClCompile Include="dev.cpp" />
    <ClCompile Include="devconf.cpp" />
    <ClCompile Include="internal_ioctl.cpp" />
    <ClCompile Include="ioctl.cpp" />
    <ClCompile Include="ioctl_usrreq.cpp" />
    <ClCompile Include="ioctl_vhci.cpp" />
    <ClCompile Include="ioctl_vhub.cpp" />
    <ClCompile Include="irp.cpp" />
    <ClCompile Include="pnp_add.cpp" />
    <ClCompile Include="pnp_cap.cpp" />
    <ClCompile Include="pnp_id.cpp" />
    <ClCompile Include="pnp_intf.cpp" />
    <ClCompile Include="pnp_relations.cpp" />
    <ClCompile Include="pnp_remove.cpp" />
    <ClCompile Include="pnp_start.cpp" />
    <ClCompile Include="vhub.cpp" />
    <ClCompile Include="plugin.cpp" />
    <ClCompile Include="pnp.cpp" />
    <ClCompile Include="power.cpp" />
    <ClCompile Include="proto.cpp" />
    <ClCompile Include="wmi.cpp" />
    <ClCompile Include="wsk_receive.cpp" />
    <ClCompile Include="..\..\userspace\libusbip\proto_op.cpp" />
  </ItemGroup>
  <ItemGroup>
    <ClInclude Include="csq.h" />
    <ClInclude Include="internal_ioctl.h" />
    <ClInclude Include="ioctl.h" />
    <ClInclude Include="pnp_add.h" />
    <ClInclude Include="power.h" />
    <ClInclude Include="wsk_context.h" />
    <ClInclude Include="urbtransfer.h" />
    <ClInclude Include="network.h" />
    <ClInclude Include="vhci.h" />
    <ClInclude Include="dev.h" />
    <ClInclude Include="devconf.h" />
    <ClInclude Include="ioctl_usrreq.h" />
    <ClInclude Include="ioctl_vhci.h" />
    <ClInclude Include="ioctl_vhub.h" />
    <ClInclude Include="irp.h" />
    <ClInclude Include="plugin.h" />
    <ClInclude Include="pnp.h" />
    <ClInclude Include="trace.h" />
    <ClInclude Include="pnp_cap.h" />
    <ClInclude Include="pnp_id.h" />
    <ClInclude Include="pnp_intf.h" />
    <ClInclude Include="pnp_relations.h" />
    <ClInclude Include="pnp_remove.h" />
    <ClInclude Include="pnp_start.h" />
    <ClInclude Include="proto.h" />
    <ClInclude Include="vhub.h" />
    <ClInclude Include="wmi.h" />
    <ClInclude Include="wsk_receive.h" />
    <ClInclude Include="..\..\include\usbip\ch9.h">
      <Filter>usbip</Filter>
    </ClInclude>
    <ClInclude Include="..\..\include\usbip\consts.h">
      <Filter>usbip</Filter>
    </ClInclude>
    <ClInclude Include="..\..\include\usbip\proto_op.h">
      <Filter>usbip</Filter>
    </ClInclude>
    <ClInclude Include="..\..\include\usbip\vhci.h">
      <Filter>usbip</Filter>
    </ClInclude>
    <ClInclude Include="..\..\include\usbip\proto.h">
      <Filter>usbip</Filter>
    </ClInclude>
  </ItemGroup>
  <ItemGroup>
    <Inf Include="usbip_vhci.inf" />
    <Inf Include="usbip_root.inf" />
  </ItemGroup>
  <ItemGroup>
    <None Include="custom_wpp.ini" />
  </ItemGroup>
  <ItemGroup>
    <Filter Include="usbip">
      <UniqueIdentifier>{1c3e8eaf-b7e5-442f-be42-df2a004ceef1}</UniqueIdentifier>
    </Filter>
  </ItemGroup>
</Project>