<?xml version="1.0" encoding="utf-8"?>
<Project ToolsVersion="4.0" xmlns="http://schemas.microsoft.com/developer/msbuild/2003">
  <ItemGroup>
    <None Include="packages.config" />
    <None Include="..\usbip\usb.ids" />
    <None Include="wxpatch.bat" />
  </ItemGroup>
  <ItemGroup>
    <ClCompile Include="wusbip.cpp" />
    <ClCompile Include="frame.cpp" />
    <ClCompile Include="utils.cpp" />
    <ClCompile Include="device_columns.cpp" />
    <ClCompile Include="persist.cpp" />
    <ClCompile Include="log.cpp" />
    <ClCompile Include="font.cpp" />
    <ClCompile Include="taskbaricon.cpp" />
    <ClCompile Include="app.cpp" />
    <ClCompile Include="wxutils.cpp" />
  </ItemGroup>
  <ItemGroup>
    <ClInclude Include="wusbip.h" />
    <ClInclude Include="frame.h" />
    <ClInclude Include="utils.h" />
    <ClInclude Include="resource.h" />
    <ClInclude Include="device_columns.h" />
    <ClInclude Include="persist.h" />
    <ClInclude Include="log.h" />
    <ClInclude Include="font.h" />
    <ClInclude Include="taskbaricon.h" />
    <ClInclude Include="app.h" />
    <ClInclude Include="wxutils.h" />
  </ItemGroup>
  <ItemGroup>
    <Text Include="readme.txt" />
  </ItemGroup>
  <ItemGroup>
    <ResourceCompile Include="wusbip.rc" />
  </ItemGroup>
</Project>