<?xml version="1.0" encoding="utf-8"?>
<Project ToolsVersion="4.0" xmlns="http://schemas.microsoft.com/developer/msbuild/2003">
  <ItemGroup>
    <Filter Include="usbip">
      <UniqueIdentifier>{5f9be0b4-bbce-4b48-b1e8-5f7349396603}</UniqueIdentifier>
    </Filter>
  </ItemGroup>
  <ItemGroup>
    <ClInclude Include="..\..\include\usbip\ch9.h">
      <Filter>usbip</Filter>
    </ClInclude>
    <ClInclude Include="..\..\include\usbip\consts.h">
      <Filter>usbip</Filter>
    </ClInclude>
    <ClInclude Include="..\..\include\usbip\proto.h">
      <Filter>usbip</Filter>
    </ClInclude>
    <ClInclude Include="..\..\include\usbip\proto_op.h">
      <Filter>usbip</Filter>
    </ClInclude>
    <ClInclude Include="..\..\include\usbip\vhci.h">
      <Filter>usbip</Filter>
    </ClInclude>
    <ClInclude Include="vhci.h" />
    <ClInclude Include="driver.h" />
    <ClInclude Include="queue.h" />
    <ClInclude Include="trace.h" />
  </ItemGroup>
  <ItemGroup>
    <ClCompile Include="vhci.cpp" />
    <ClCompile Include="driver.cpp" />
    <ClCompile Include="queue.cpp" />
  </ItemGroup>
  <ItemGroup>
    <Inf Include="usbip2_vhci.inf" />
  </ItemGroup>
  <ItemGroup>
    <None Include="custom_wpp.ini" />
  </ItemGroup>
</Project>
